
Microsoft Visual Studio Solution File, Format Version 12.00
# Visual Studio Version 16
VisualStudioVersion = 16.0.32002.261
MinimumVisualStudioVersion = 10.0.40219.1
Project("{FAE04EC0-301F-11D3-BF4B-00C04F79EFBC}") = "18 - VerificandoCodigo", "18 - VerificandoCodigo\18 - VerificandoCodigo.csproj", "{B1F9D67A-0E23-454E-96C3-EB9B6E2B40B5}"
EndProject
Global
	GlobalSection(SolutionConfigurationPlatforms) = preSolution
		Debug|Any CPU = Debug|Any CPU
		Release|Any CPU = Release|Any CPU
	EndGlobalSection
	GlobalSection(ProjectConfigurationPlatforms) = postSolution
		{B1F9D67A-0E23-454E-96C3-EB9B6E2B40B5}.Debug|Any CPU.ActiveCfg = Debug|Any CPU
		{B1F9D67A-0E23-454E-96C3-EB9B6E2B40B5}.Debug|Any CPU.Build.0 = Debug|Any CPU
		{B1F9D67A-0E23-454E-96C3-EB9B6E2B40B5}.Release|Any CPU.ActiveCfg = Release|Any CPU
		{B1F9D67A-0E23-454E-96C3-EB9B6E2B40B5}.Release|Any CPU.Build.0 = Release|Any CPU
	EndGlobalSection
	GlobalSection(SolutionProperties) = preSolution
		HideSolutionNode = FALSE
	EndGlobalSection
	GlobalSection(ExtensibilityGlobals) = postSolution
		SolutionGuid = {94520945-5295-43B7-B74D-307526CB3E3F}
	EndGlobalSection
EndGlobal
