
Microsoft Visual Studio Solution File, Format Version 12.00
# Visual Studio Version 16
VisualStudioVersion = 16.0.32002.261
MinimumVisualStudioVersion = 10.0.40219.1
Project("{FAE04EC0-301F-11D3-BF4B-00C04F79EFBC}") = "9 - ConversorIdade", "9 - ConversorIdade\9 - ConversorIdade.csproj", "{401699B1-F5C2-4782-9FEF-5877F55705E2}"
EndProject
Global
	GlobalSection(SolutionConfigurationPlatforms) = preSolution
		Debug|Any CPU = Debug|Any CPU
		Release|Any CPU = Release|Any CPU
	EndGlobalSection
	GlobalSection(ProjectConfigurationPlatforms) = postSolution
		{401699B1-F5C2-4782-9FEF-5877F55705E2}.Debug|Any CPU.ActiveCfg = Debug|Any CPU
		{401699B1-F5C2-4782-9FEF-5877F55705E2}.Debug|Any CPU.Build.0 = Debug|Any CPU
		{401699B1-F5C2-4782-9FEF-5877F55705E2}.Release|Any CPU.ActiveCfg = Release|Any CPU
		{401699B1-F5C2-4782-9FEF-5877F55705E2}.Release|Any CPU.Build.0 = Release|Any CPU
	EndGlobalSection
	GlobalSection(SolutionProperties) = preSolution
		HideSolutionNode = FALSE
	EndGlobalSection
	GlobalSection(ExtensibilityGlobals) = postSolution
		SolutionGuid = {011C34A4-BF8C-48B1-809B-BFA5B6055034}
	EndGlobalSection
EndGlobal
