
Microsoft Visual Studio Solution File, Format Version 12.00
# Visual Studio Version 16
VisualStudioVersion = 16.0.32002.261
MinimumVisualStudioVersion = 10.0.40219.1
Project("{FAE04EC0-301F-11D3-BF4B-00C04F79EFBC}") = "33 - ExibirMedias", "33 - ExibirMedias\33 - ExibirMedias.csproj", "{7F362380-1F99-46BD-BC2F-2E2180A9380E}"
EndProject
Global
	GlobalSection(SolutionConfigurationPlatforms) = preSolution
		Debug|Any CPU = Debug|Any CPU
		Release|Any CPU = Release|Any CPU
	EndGlobalSection
	GlobalSection(ProjectConfigurationPlatforms) = postSolution
		{7F362380-1F99-46BD-BC2F-2E2180A9380E}.Debug|Any CPU.ActiveCfg = Debug|Any CPU
		{7F362380-1F99-46BD-BC2F-2E2180A9380E}.Debug|Any CPU.Build.0 = Debug|Any CPU
		{7F362380-1F99-46BD-BC2F-2E2180A9380E}.Release|Any CPU.ActiveCfg = Release|Any CPU
		{7F362380-1F99-46BD-BC2F-2E2180A9380E}.Release|Any CPU.Build.0 = Release|Any CPU
	EndGlobalSection
	GlobalSection(SolutionProperties) = preSolution
		HideSolutionNode = FALSE
	EndGlobalSection
	GlobalSection(ExtensibilityGlobals) = postSolution
		SolutionGuid = {B39240A9-12DC-4A4E-B6DB-DA72C65CFFF6}
	EndGlobalSection
EndGlobal
