
Microsoft Visual Studio Solution File, Format Version 12.00
# Visual Studio Version 16
VisualStudioVersion = 16.0.32002.261
MinimumVisualStudioVersion = 10.0.40219.1
Project("{FAE04EC0-301F-11D3-BF4B-00C04F79EFBC}") = "21 - AnalisandoNumero", "21 - AnalisandoNumero\21 - AnalisandoNumero.csproj", "{AAFF9C7C-CD5B-4970-859E-AD3BB29A2F72}"
EndProject
Global
	GlobalSection(SolutionConfigurationPlatforms) = preSolution
		Debug|Any CPU = Debug|Any CPU
		Release|Any CPU = Release|Any CPU
	EndGlobalSection
	GlobalSection(ProjectConfigurationPlatforms) = postSolution
		{AAFF9C7C-CD5B-4970-859E-AD3BB29A2F72}.Debug|Any CPU.ActiveCfg = Debug|Any CPU
		{AAFF9C7C-CD5B-4970-859E-AD3BB29A2F72}.Debug|Any CPU.Build.0 = Debug|Any CPU
		{AAFF9C7C-CD5B-4970-859E-AD3BB29A2F72}.Release|Any CPU.ActiveCfg = Release|Any CPU
		{AAFF9C7C-CD5B-4970-859E-AD3BB29A2F72}.Release|Any CPU.Build.0 = Release|Any CPU
	EndGlobalSection
	GlobalSection(SolutionProperties) = preSolution
		HideSolutionNode = FALSE
	EndGlobalSection
	GlobalSection(ExtensibilityGlobals) = postSolution
		SolutionGuid = {5A1E78DA-215F-4EE2-8477-3368A3FE475B}
	EndGlobalSection
EndGlobal
