
Microsoft Visual Studio Solution File, Format Version 12.00
# Visual Studio Version 16
VisualStudioVersion = 16.0.32002.261
MinimumVisualStudioVersion = 10.0.40219.1
Project("{FAE04EC0-301F-11D3-BF4B-00C04F79EFBC}") = "3 - PagamentoComissao", "3 - PagamentoComissao\3 - PagamentoComissao.csproj", "{A13BC7E9-855F-42E9-BA99-C251ADD5161A}"
EndProject
Global
	GlobalSection(SolutionConfigurationPlatforms) = preSolution
		Debug|Any CPU = Debug|Any CPU
		Release|Any CPU = Release|Any CPU
	EndGlobalSection
	GlobalSection(ProjectConfigurationPlatforms) = postSolution
		{A13BC7E9-855F-42E9-BA99-C251ADD5161A}.Debug|Any CPU.ActiveCfg = Debug|Any CPU
		{A13BC7E9-855F-42E9-BA99-C251ADD5161A}.Debug|Any CPU.Build.0 = Debug|Any CPU
		{A13BC7E9-855F-42E9-BA99-C251ADD5161A}.Release|Any CPU.ActiveCfg = Release|Any CPU
		{A13BC7E9-855F-42E9-BA99-C251ADD5161A}.Release|Any CPU.Build.0 = Release|Any CPU
	EndGlobalSection
	GlobalSection(SolutionProperties) = preSolution
		HideSolutionNode = FALSE
	EndGlobalSection
	GlobalSection(ExtensibilityGlobals) = postSolution
		SolutionGuid = {E1F38479-C567-4A0B-8D63-D0D440C1435B}
	EndGlobalSection
EndGlobal
