
Microsoft Visual Studio Solution File, Format Version 12.00
# Visual Studio Version 16
VisualStudioVersion = 16.0.32002.261
MinimumVisualStudioVersion = 10.0.40219.1
Project("{FAE04EC0-301F-11D3-BF4B-00C04F79EFBC}") = "34 - ConjuntoNumerico", "34 - ConjuntoNumerico\34 - ConjuntoNumerico.csproj", "{F919BB01-8CED-48AE-8A09-DEB81234D978}"
EndProject
Global
	GlobalSection(SolutionConfigurationPlatforms) = preSolution
		Debug|Any CPU = Debug|Any CPU
		Release|Any CPU = Release|Any CPU
	EndGlobalSection
	GlobalSection(ProjectConfigurationPlatforms) = postSolution
		{F919BB01-8CED-48AE-8A09-DEB81234D978}.Debug|Any CPU.ActiveCfg = Debug|Any CPU
		{F919BB01-8CED-48AE-8A09-DEB81234D978}.Debug|Any CPU.Build.0 = Debug|Any CPU
		{F919BB01-8CED-48AE-8A09-DEB81234D978}.Release|Any CPU.ActiveCfg = Release|Any CPU
		{F919BB01-8CED-48AE-8A09-DEB81234D978}.Release|Any CPU.Build.0 = Release|Any CPU
	EndGlobalSection
	GlobalSection(SolutionProperties) = preSolution
		HideSolutionNode = FALSE
	EndGlobalSection
	GlobalSection(ExtensibilityGlobals) = postSolution
		SolutionGuid = {36DF92E3-2FD6-487E-8839-7118C21AAC36}
	EndGlobalSection
EndGlobal
